
Microsoft Visual Studio Solution File, Format Version 12.00
Project("{8BC9CEB8-8B4A-11D0-8D11-00A0C91BC942}") = "Knight", "Knight\Knight.vcxproj", "{1F6B96F7-DE60-4B83-B173-DFC77824C92A}"
EndProject
Global
	GlobalSection(SolutionConfigurationPlatforms) = preSolution
		Debug|Win32 = Debug|Win32
		Debug|x64 = Debug|x64
		Release|Win32 = Release|Win32
		Release|x64 = Release|x64
	EndGlobalSection
	GlobalSection(ProjectConfigurationPlatforms) = postSolution
		{1F6B96F7-DE60-4B83-B173-DFC77824C92A}.Debug|Win32.ActiveCfg = Debug|Win32
		{1F6B96F7-DE60-4B83-B173-DFC77824C92A}.Debug|Win32.Build.0 = Debug|Win32
		{1F6B96F7-DE60-4B83-B173-DFC77824C92A}.Debug|x64.ActiveCfg = Debug|x64
		{1F6B96F7-DE60-4B83-B173-DFC77824C92A}.Debug|x64.Build.0 = Debug|x64
		{1F6B96F7-DE60-4B83-B173-DFC77824C92A}.Release|Win32.ActiveCfg = Release|Win32
		{1F6B96F7-DE60-4B83-B173-DFC77824C92A}.Release|Win32.Build.0 = Release|Win32
		{1F6B96F7-DE60-4B83-B173-DFC77824C92A}.Release|x64.ActiveCfg = Release|x64
		{1F6B96F7-DE60-4B83-B173-DFC77824C92A}.Release|x64.Build.0 = Release|x64
	EndGlobalSection
EndGlobal
